
Microsoft Visual Studio Solution File, Format Version 12.00
Project("{2150E333-8FDC-42A3-9474-1A3956D46DE8}") = "Generators", "Generators", "{C4F71628-37F1-478C-9D2D-23CBBD6FAF4E}"
EndProject
Project("{FAE04EC0-301F-11D3-BF4B-00C04F79EFBC}") = "WorkflowGenerator", "src\WorkflowGenerator\WorkflowGenerator.csproj", "{FFD13C30-DCD0-4DA2-9806-2E9455EA7A30}"
EndProject
Project("{FAE04EC0-301F-11D3-BF4B-00C04F79EFBC}") = "ActivityMockGenerator", "src\ActivityMockGenerator\ActivityMockGenerator.csproj", "{CDF88774-36FF-412D-9835-8E5A99E4003A}"
EndProject
Project("{FAE04EC0-301F-11D3-BF4B-00C04F79EFBC}") = "ActivityGenerator", "src\ActivityGenerator\ActivityGenerator.csproj", "{3E39D410-5170-4090-AC49-ACF40C496F5E}"
EndProject
Project("{2150E333-8FDC-42A3-9474-1A3956D46DE8}") = "Tests", "Tests", "{310BF1CF-60B8-4AC6-A400-317ACBFA5ADB}"
EndProject
Project("{FAE04EC0-301F-11D3-BF4B-00C04F79EFBC}") = "GeneratorTests", "Tests\GeneratorTests\GeneratorTests.csproj", "{951515E0-578E-43BC-BAE7-4AD48BE465C3}"
EndProject
Project("{2150E333-8FDC-42A3-9474-1A3956D46DE8}") = "Samples", "Samples", "{A98E1FB5-3002-423F-ABC0-C98786303126}"
EndProject
Project("{FAE04EC0-301F-11D3-BF4B-00C04F79EFBC}") = "DebugSample", "src\Samples\DebugSample\DebugSample.csproj", "{3B5DE9D4-DDBA-4953-B11F-50A246739694}"
EndProject
Global
	GlobalSection(SolutionConfigurationPlatforms) = preSolution
		Debug|Any CPU = Debug|Any CPU
		Release|Any CPU = Release|Any CPU
	EndGlobalSection
	GlobalSection(ProjectConfigurationPlatforms) = postSolution
		{FFD13C30-DCD0-4DA2-9806-2E9455EA7A30}.Debug|Any CPU.ActiveCfg = Debug|Any CPU
		{FFD13C30-DCD0-4DA2-9806-2E9455EA7A30}.Debug|Any CPU.Build.0 = Debug|Any CPU
		{FFD13C30-DCD0-4DA2-9806-2E9455EA7A30}.Release|Any CPU.ActiveCfg = Release|Any CPU
		{FFD13C30-DCD0-4DA2-9806-2E9455EA7A30}.Release|Any CPU.Build.0 = Release|Any CPU
		{CDF88774-36FF-412D-9835-8E5A99E4003A}.Debug|Any CPU.ActiveCfg = Debug|Any CPU
		{CDF88774-36FF-412D-9835-8E5A99E4003A}.Debug|Any CPU.Build.0 = Debug|Any CPU
		{CDF88774-36FF-412D-9835-8E5A99E4003A}.Release|Any CPU.ActiveCfg = Release|Any CPU
		{CDF88774-36FF-412D-9835-8E5A99E4003A}.Release|Any CPU.Build.0 = Release|Any CPU
		{3E39D410-5170-4090-AC49-ACF40C496F5E}.Debug|Any CPU.ActiveCfg = Debug|Any CPU
		{3E39D410-5170-4090-AC49-ACF40C496F5E}.Debug|Any CPU.Build.0 = Debug|Any CPU
		{3E39D410-5170-4090-AC49-ACF40C496F5E}.Release|Any CPU.ActiveCfg = Release|Any CPU
		{3E39D410-5170-4090-AC49-ACF40C496F5E}.Release|Any CPU.Build.0 = Release|Any CPU
		{951515E0-578E-43BC-BAE7-4AD48BE465C3}.Debug|Any CPU.ActiveCfg = Debug|Any CPU
		{951515E0-578E-43BC-BAE7-4AD48BE465C3}.Debug|Any CPU.Build.0 = Debug|Any CPU
		{951515E0-578E-43BC-BAE7-4AD48BE465C3}.Release|Any CPU.ActiveCfg = Release|Any CPU
		{951515E0-578E-43BC-BAE7-4AD48BE465C3}.Release|Any CPU.Build.0 = Release|Any CPU
		{3B5DE9D4-DDBA-4953-B11F-50A246739694}.Debug|Any CPU.ActiveCfg = Debug|Any CPU
		{3B5DE9D4-DDBA-4953-B11F-50A246739694}.Debug|Any CPU.Build.0 = Debug|Any CPU
		{3B5DE9D4-DDBA-4953-B11F-50A246739694}.Release|Any CPU.ActiveCfg = Release|Any CPU
		{3B5DE9D4-DDBA-4953-B11F-50A246739694}.Release|Any CPU.Build.0 = Release|Any CPU
	EndGlobalSection
	GlobalSection(NestedProjects) = preSolution
		{FFD13C30-DCD0-4DA2-9806-2E9455EA7A30} = {C4F71628-37F1-478C-9D2D-23CBBD6FAF4E}
		{CDF88774-36FF-412D-9835-8E5A99E4003A} = {C4F71628-37F1-478C-9D2D-23CBBD6FAF4E}
		{3E39D410-5170-4090-AC49-ACF40C496F5E} = {C4F71628-37F1-478C-9D2D-23CBBD6FAF4E}
		{951515E0-578E-43BC-BAE7-4AD48BE465C3} = {310BF1CF-60B8-4AC6-A400-317ACBFA5ADB}
		{3B5DE9D4-DDBA-4953-B11F-50A246739694} = {A98E1FB5-3002-423F-ABC0-C98786303126}
	EndGlobalSection
EndGlobal
