
Microsoft Visual Studio Solution File, Format Version 12.00
Project("{FAE04EC0-301F-11D3-BF4B-00C04F79EFBC}") = "WorkflowGenerator", "src\Generator\WorkflowGenerator\WorkflowGenerator.csproj", "{0C399D71-CCAE-40D9-966E-257EAEAFC5C8}"
EndProject
Project("{FAE04EC0-301F-11D3-BF4B-00C04F79EFBC}") = "GeneratorTests", "src\Generator\GeneratorTests\GeneratorTests.csproj", "{45F26EB7-A919-4726-99F8-EB4FB5068894}"
EndProject
Project("{FAE04EC0-301F-11D3-BF4B-00C04F79EFBC}") = "ActivityGenerator", "src\Generator\ActivityGenerator\ActivityGenerator.csproj", "{2886CDA8-F0DB-4A94-B147-E6438821BAE6}"
EndProject
Project("{FAE04EC0-301F-11D3-BF4B-00C04F79EFBC}") = "Sample", "src\Generator\Sample\Sample.csproj", "{3F91A478-C53E-46DB-B8F8-B2A4D611DDD2}"
EndProject
Project("{FAE04EC0-301F-11D3-BF4B-00C04F79EFBC}") = "ActivityMockGenerator", "src\Generator\ActivityMockGenerator\ActivityMockGenerator.csproj", "{10814641-14F5-46C6-AD59-D2A8B59FFEF5}"
EndProject
Global
	GlobalSection(SolutionConfigurationPlatforms) = preSolution
		Debug|Any CPU = Debug|Any CPU
		Release|Any CPU = Release|Any CPU
	EndGlobalSection
	GlobalSection(ProjectConfigurationPlatforms) = postSolution
		{0C399D71-CCAE-40D9-966E-257EAEAFC5C8}.Debug|Any CPU.ActiveCfg = Debug|Any CPU
		{0C399D71-CCAE-40D9-966E-257EAEAFC5C8}.Debug|Any CPU.Build.0 = Debug|Any CPU
		{0C399D71-CCAE-40D9-966E-257EAEAFC5C8}.Release|Any CPU.ActiveCfg = Release|Any CPU
		{0C399D71-CCAE-40D9-966E-257EAEAFC5C8}.Release|Any CPU.Build.0 = Release|Any CPU
		{45F26EB7-A919-4726-99F8-EB4FB5068894}.Debug|Any CPU.ActiveCfg = Debug|Any CPU
		{45F26EB7-A919-4726-99F8-EB4FB5068894}.Debug|Any CPU.Build.0 = Debug|Any CPU
		{45F26EB7-A919-4726-99F8-EB4FB5068894}.Release|Any CPU.ActiveCfg = Release|Any CPU
		{45F26EB7-A919-4726-99F8-EB4FB5068894}.Release|Any CPU.Build.0 = Release|Any CPU
		{2886CDA8-F0DB-4A94-B147-E6438821BAE6}.Debug|Any CPU.ActiveCfg = Debug|Any CPU
		{2886CDA8-F0DB-4A94-B147-E6438821BAE6}.Debug|Any CPU.Build.0 = Debug|Any CPU
		{2886CDA8-F0DB-4A94-B147-E6438821BAE6}.Release|Any CPU.ActiveCfg = Release|Any CPU
		{2886CDA8-F0DB-4A94-B147-E6438821BAE6}.Release|Any CPU.Build.0 = Release|Any CPU
		{3F91A478-C53E-46DB-B8F8-B2A4D611DDD2}.Debug|Any CPU.ActiveCfg = Debug|Any CPU
		{3F91A478-C53E-46DB-B8F8-B2A4D611DDD2}.Debug|Any CPU.Build.0 = Debug|Any CPU
		{3F91A478-C53E-46DB-B8F8-B2A4D611DDD2}.Release|Any CPU.ActiveCfg = Release|Any CPU
		{3F91A478-C53E-46DB-B8F8-B2A4D611DDD2}.Release|Any CPU.Build.0 = Release|Any CPU
		{10814641-14F5-46C6-AD59-D2A8B59FFEF5}.Debug|Any CPU.ActiveCfg = Debug|Any CPU
		{10814641-14F5-46C6-AD59-D2A8B59FFEF5}.Debug|Any CPU.Build.0 = Debug|Any CPU
		{10814641-14F5-46C6-AD59-D2A8B59FFEF5}.Release|Any CPU.ActiveCfg = Release|Any CPU
		{10814641-14F5-46C6-AD59-D2A8B59FFEF5}.Release|Any CPU.Build.0 = Release|Any CPU
	EndGlobalSection
	GlobalSection(NestedProjects) = preSolution
	EndGlobalSection
EndGlobal
